
Microsoft Visual Studio Solution File, Format Version 12.00
# Visual Studio Version 16
VisualStudioVersion = 16.0.28803.202
MinimumVisualStudioVersion = 10.0.40219.1
Project("{2150E333-8FDC-42A3-9474-1A3956D46DE8}") = "1 - Presentation", "1 - Presentation", "{598045B9-BE3D-4CBF-86FD-62E018BAF768}"
EndProject
Project("{2150E333-8FDC-42A3-9474-1A3956D46DE8}") = "2 - Services", "2 - Services", "{69103200-8E96-4257-8CD1-E9161BEAE503}"
EndProject
Project("{2150E333-8FDC-42A3-9474-1A3956D46DE8}") = "3 - Domain", "3 - Domain", "{935FD859-7523-425D-A242-690E5F21006D}"
EndProject
Project("{2150E333-8FDC-42A3-9474-1A3956D46DE8}") = "4 - Infra", "4 - Infra", "{013899DF-AAC0-4710-99C4-A7F2C1201156}"
EndProject
Project("{9A19103F-16F7-4668-BE54-9A1E7A4F7556}") = "ProinterV.Domain", "ProinterV.Domain\ProinterV.Domain.csproj", "{50862C3B-8318-43F7-A0A2-21AD8EB526DB}"
EndProject
Project("{9A19103F-16F7-4668-BE54-9A1E7A4F7556}") = "ProinterV.Application", "ProinterV.Service\ProinterV.Application.csproj", "{75899096-DE5E-4E8B-9AD7-F5A8CE699B70}"
EndProject
Project("{9A19103F-16F7-4668-BE54-9A1E7A4F7556}") = "ProinterV.IoC", "ProinterV.IoC\ProinterV.IoC.csproj", "{DF63D8A1-5CC4-486E-BDFE-058860C78F83}"
EndProject
Project("{9A19103F-16F7-4668-BE54-9A1E7A4F7556}") = "ProinterV.Infra.Data", "ProinterV.Infra.Data\ProinterV.Infra.Data.csproj", "{E099C078-4CA6-466C-8C4B-6575720C7E48}"
EndProject
Project("{9A19103F-16F7-4668-BE54-9A1E7A4F7556}") = "ProinterV.Api", "ProinterV.Api\ProinterV.Api.csproj", "{25049E3A-2445-4D44-B9B8-EE04FF98D6A9}"
EndProject
Project("{9A19103F-16F7-4668-BE54-9A1E7A4F7556}") = "ProinterV.CrossCutting.Bus", "ProinterV.CrossCutting.Bus\ProinterV.CrossCutting.Bus.csproj", "{4F43E5AE-7A76-40EA-9B3B-D08CAA57B3B5}"
EndProject
Project("{9A19103F-16F7-4668-BE54-9A1E7A4F7556}") = "ProinterV.Domain.Core", "ProinterV.Domain.Core\ProinterV.Domain.Core.csproj", "{301F3DAB-8173-406C-B472-89A37FFF0BC7}"
EndProject
Project("{FAE04EC0-301F-11D3-BF4B-00C04F79EFBC}") = "ProinterV.CrossCutting.Identity", "ProinterV.CrossCutting.Identity\ProinterV.CrossCutting.Identity.csproj", "{5D30101B-D5AD-467D-B5EF-1ADD6BFBE71D}"
EndProject
Global
	GlobalSection(SolutionConfigurationPlatforms) = preSolution
		Debug|Any CPU = Debug|Any CPU
		Release|Any CPU = Release|Any CPU
	EndGlobalSection
	GlobalSection(ProjectConfigurationPlatforms) = postSolution
		{50862C3B-8318-43F7-A0A2-21AD8EB526DB}.Debug|Any CPU.ActiveCfg = Debug|Any CPU
		{50862C3B-8318-43F7-A0A2-21AD8EB526DB}.Debug|Any CPU.Build.0 = Debug|Any CPU
		{50862C3B-8318-43F7-A0A2-21AD8EB526DB}.Release|Any CPU.ActiveCfg = Release|Any CPU
		{50862C3B-8318-43F7-A0A2-21AD8EB526DB}.Release|Any CPU.Build.0 = Release|Any CPU
		{75899096-DE5E-4E8B-9AD7-F5A8CE699B70}.Debug|Any CPU.ActiveCfg = Debug|Any CPU
		{75899096-DE5E-4E8B-9AD7-F5A8CE699B70}.Debug|Any CPU.Build.0 = Debug|Any CPU
		{75899096-DE5E-4E8B-9AD7-F5A8CE699B70}.Release|Any CPU.ActiveCfg = Release|Any CPU
		{75899096-DE5E-4E8B-9AD7-F5A8CE699B70}.Release|Any CPU.Build.0 = Release|Any CPU
		{DF63D8A1-5CC4-486E-BDFE-058860C78F83}.Debug|Any CPU.ActiveCfg = Debug|Any CPU
		{DF63D8A1-5CC4-486E-BDFE-058860C78F83}.Debug|Any CPU.Build.0 = Debug|Any CPU
		{DF63D8A1-5CC4-486E-BDFE-058860C78F83}.Release|Any CPU.ActiveCfg = Release|Any CPU
		{DF63D8A1-5CC4-486E-BDFE-058860C78F83}.Release|Any CPU.Build.0 = Release|Any CPU
		{E099C078-4CA6-466C-8C4B-6575720C7E48}.Debug|Any CPU.ActiveCfg = Debug|Any CPU
		{E099C078-4CA6-466C-8C4B-6575720C7E48}.Debug|Any CPU.Build.0 = Debug|Any CPU
		{E099C078-4CA6-466C-8C4B-6575720C7E48}.Release|Any CPU.ActiveCfg = Release|Any CPU
		{E099C078-4CA6-466C-8C4B-6575720C7E48}.Release|Any CPU.Build.0 = Release|Any CPU
		{25049E3A-2445-4D44-B9B8-EE04FF98D6A9}.Debug|Any CPU.ActiveCfg = Debug|Any CPU
		{25049E3A-2445-4D44-B9B8-EE04FF98D6A9}.Debug|Any CPU.Build.0 = Debug|Any CPU
		{25049E3A-2445-4D44-B9B8-EE04FF98D6A9}.Release|Any CPU.ActiveCfg = Release|Any CPU
		{25049E3A-2445-4D44-B9B8-EE04FF98D6A9}.Release|Any CPU.Build.0 = Release|Any CPU
		{4F43E5AE-7A76-40EA-9B3B-D08CAA57B3B5}.Debug|Any CPU.ActiveCfg = Debug|Any CPU
		{4F43E5AE-7A76-40EA-9B3B-D08CAA57B3B5}.Debug|Any CPU.Build.0 = Debug|Any CPU
		{4F43E5AE-7A76-40EA-9B3B-D08CAA57B3B5}.Release|Any CPU.ActiveCfg = Release|Any CPU
		{4F43E5AE-7A76-40EA-9B3B-D08CAA57B3B5}.Release|Any CPU.Build.0 = Release|Any CPU
		{301F3DAB-8173-406C-B472-89A37FFF0BC7}.Debug|Any CPU.ActiveCfg = Debug|Any CPU
		{301F3DAB-8173-406C-B472-89A37FFF0BC7}.Debug|Any CPU.Build.0 = Debug|Any CPU
		{301F3DAB-8173-406C-B472-89A37FFF0BC7}.Release|Any CPU.ActiveCfg = Release|Any CPU
		{301F3DAB-8173-406C-B472-89A37FFF0BC7}.Release|Any CPU.Build.0 = Release|Any CPU
		{5D30101B-D5AD-467D-B5EF-1ADD6BFBE71D}.Debug|Any CPU.ActiveCfg = Debug|Any CPU
		{5D30101B-D5AD-467D-B5EF-1ADD6BFBE71D}.Debug|Any CPU.Build.0 = Debug|Any CPU
		{5D30101B-D5AD-467D-B5EF-1ADD6BFBE71D}.Release|Any CPU.ActiveCfg = Release|Any CPU
		{5D30101B-D5AD-467D-B5EF-1ADD6BFBE71D}.Release|Any CPU.Build.0 = Release|Any CPU
	EndGlobalSection
	GlobalSection(SolutionProperties) = preSolution
		HideSolutionNode = FALSE
	EndGlobalSection
	GlobalSection(NestedProjects) = preSolution
		{50862C3B-8318-43F7-A0A2-21AD8EB526DB} = {935FD859-7523-425D-A242-690E5F21006D}
		{75899096-DE5E-4E8B-9AD7-F5A8CE699B70} = {69103200-8E96-4257-8CD1-E9161BEAE503}
		{DF63D8A1-5CC4-486E-BDFE-058860C78F83} = {013899DF-AAC0-4710-99C4-A7F2C1201156}
		{E099C078-4CA6-466C-8C4B-6575720C7E48} = {013899DF-AAC0-4710-99C4-A7F2C1201156}
		{25049E3A-2445-4D44-B9B8-EE04FF98D6A9} = {598045B9-BE3D-4CBF-86FD-62E018BAF768}
		{4F43E5AE-7A76-40EA-9B3B-D08CAA57B3B5} = {013899DF-AAC0-4710-99C4-A7F2C1201156}
		{301F3DAB-8173-406C-B472-89A37FFF0BC7} = {935FD859-7523-425D-A242-690E5F21006D}
		{5D30101B-D5AD-467D-B5EF-1ADD6BFBE71D} = {013899DF-AAC0-4710-99C4-A7F2C1201156}
	EndGlobalSection
	GlobalSection(ExtensibilityGlobals) = postSolution
		SolutionGuid = {E8774E81-C7D8-4BE8-A493-86AD77AC378E}
	EndGlobalSection
EndGlobal
